// !$*UTF8*$!
{
	archiveVersion = 1;
	classes = {
	};
	objectVersion = 55;
	objects = {

/* Begin PBXBuildFile section */
		476D334035D4CB185BAFCAFC /* Pods_DemoProject.framework in Frameworks */ = {isa = PBXBuildFile; fileRef = 307C4C1261DE55011A1753BF /* Pods_DemoProject.framework */; };
		F495CB422797CAEE0028E137 /* CustomHeader.swift in Sources */ = {isa = PBXBuildFile; fileRef = F495CB412797CAEE0028E137 /* CustomHeader.swift */; };
		F495CB442797CB1D0028E137 /* CustomHeader.xib in Resources */ = {isa = PBXBuildFile; fileRef = F495CB432797CB1D0028E137 /* CustomHeader.xib */; };
		F495CB462797EDB00028E137 /* DummyModel.swift in Sources */ = {isa = PBXBuildFile; fileRef = F495CB452797EDB00028E137 /* DummyModel.swift */; };
		F495CB492797F1AD0028E137 /* DummyDataSource.swift in Sources */ = {isa = PBXBuildFile; fileRef = F495CB482797F1AD0028E137 /* DummyDataSource.swift */; };
		F4D33F122795677800788FF8 /* AppDelegate.swift in Sources */ = {isa = PBXBuildFile; fileRef = F4D33F112795677800788FF8 /* AppDelegate.swift */; };
		F4D33F142795677800788FF8 /* SceneDelegate.swift in Sources */ = {isa = PBXBuildFile; fileRef = F4D33F132795677800788FF8 /* SceneDelegate.swift */; };
		F4D33F162795677800788FF8 /* ViewController.swift in Sources */ = {isa = PBXBuildFile; fileRef = F4D33F152795677800788FF8 /* ViewController.swift */; };
		F4D33F192795677800788FF8 /* Main.storyboard in Resources */ = {isa = PBXBuildFile; fileRef = F4D33F172795677800788FF8 /* Main.storyboard */; };
		F4D33F1B2795677A00788FF8 /* Assets.xcassets in Resources */ = {isa = PBXBuildFile; fileRef = F4D33F1A2795677A00788FF8 /* Assets.xcassets */; };
		F4D33F1E2795677A00788FF8 /* LaunchScreen.storyboard in Resources */ = {isa = PBXBuildFile; fileRef = F4D33F1C2795677A00788FF8 /* LaunchScreen.storyboard */; };
		F4D33F2F27956D7800788FF8 /* CollectionViewCell.swift in Sources */ = {isa = PBXBuildFile; fileRef = F4D33F2D27956D7800788FF8 /* CollectionViewCell.swift */; };
		F4D33F3027956D7800788FF8 /* CollectionViewCell.xib in Resources */ = {isa = PBXBuildFile; fileRef = F4D33F2E27956D7800788FF8 /* CollectionViewCell.xib */; };
		F4D33F3327956D8A00788FF8 /* TableViewCell.swift in Sources */ = {isa = PBXBuildFile; fileRef = F4D33F3127956D8A00788FF8 /* TableViewCell.swift */; };
		F4D33F3427956D8A00788FF8 /* TableViewCell.xib in Resources */ = {isa = PBXBuildFile; fileRef = F4D33F3227956D8A00788FF8 /* TableViewCell.xib */; };
		F4D33F3927956E5500788FF8 /* HeaderTable.swift in Sources */ = {isa = PBXBuildFile; fileRef = F4D33F3827956E5500788FF8 /* HeaderTable.swift */; };
		F4D33F3B27956E6600788FF8 /* HeaderTable.xib in Resources */ = {isa = PBXBuildFile; fileRef = F4D33F3A27956E6600788FF8 /* HeaderTable.xib */; };
		F4FAD19027967860000A81E1 /* UIView+Extension.swift in Sources */ = {isa = PBXBuildFile; fileRef = F4FAD18F27967860000A81E1 /* UIView+Extension.swift */; };
/* End PBXBuildFile section */

/* Begin PBXFileReference section */
		307C4C1261DE55011A1753BF /* Pods_DemoProject.framework */ = {isa = PBXFileReference; explicitFileType = wrapper.framework; includeInIndex = 0; path = Pods_DemoProject.framework; sourceTree = BUILT_PRODUCTS_DIR; };
		72B87B301262483CA937701B /* Pods-DemoProject.debug.xcconfig */ = {isa = PBXFileReference; includeInIndex = 1; lastKnownFileType = text.xcconfig; name = "Pods-DemoProject.debug.xcconfig"; path = "Target Support Files/Pods-DemoProject/Pods-DemoProject.debug.xcconfig"; sourceTree = "<group>"; };
		748EA4CEF2642716A59AF3E5 /* Pods-DemoProject.release.xcconfig */ = {isa = PBXFileReference; includeInIndex = 1; lastKnownFileType = text.xcconfig; name = "Pods-DemoProject.release.xcconfig"; path = "Target Support Files/Pods-DemoProject/Pods-DemoProject.release.xcconfig"; sourceTree = "<group>"; };
		F495CB412797CAEE0028E137 /* CustomHeader.swift */ = {isa = PBXFileReference; lastKnownFileType = sourcecode.swift; path = CustomHeader.swift; sourceTree = "<group>"; };
		F495CB432797CB1D0028E137 /* CustomHeader.xib */ = {isa = PBXFileReference; lastKnownFileType = file.xib; path = CustomHeader.xib; sourceTree = "<group>"; };
		F495CB452797EDB00028E137 /* DummyModel.swift */ = {isa = PBXFileReference; lastKnownFileType = sourcecode.swift; path = DummyModel.swift; sourceTree = "<group>"; };
		F495CB482797F1AD0028E137 /* DummyDataSource.swift */ = {isa = PBXFileReference; lastKnownFileType = sourcecode.swift; path = DummyDataSource.swift; sourceTree = "<group>"; };
		F4D33F0E2795677800788FF8 /* DemoProject.app */ = {isa = PBXFileReference; explicitFileType = wrapper.application; includeInIndex = 0; path = DemoProject.app; sourceTree = BUILT_PRODUCTS_DIR; };
		F4D33F112795677800788FF8 /* AppDelegate.swift */ = {isa = PBXFileReference; lastKnownFileType = sourcecode.swift; path = AppDelegate.swift; sourceTree = "<group>"; };
		F4D33F132795677800788FF8 /* SceneDelegate.swift */ = {isa = PBXFileReference; lastKnownFileType = sourcecode.swift; path = SceneDelegate.swift; sourceTree = "<group>"; };
		F4D33F152795677800788FF8 /* ViewController.swift */ = {isa = PBXFileReference; lastKnownFileType = sourcecode.swift; path = ViewController.swift; sourceTree = "<group>"; };
		F4D33F182795677800788FF8 /* Base */ = {isa = PBXFileReference; lastKnownFileType = file.storyboard; name = Base; path = Base.lproj/Main.storyboard; sourceTree = "<group>"; };
		F4D33F1A2795677A00788FF8 /* Assets.xcassets */ = {isa = PBXFileReference; lastKnownFileType = folder.assetcatalog; path = Assets.xcassets; sourceTree = "<group>"; };
		F4D33F1D2795677A00788FF8 /* Base */ = {isa = PBXFileReference; lastKnownFileType = file.storyboard; name = Base; path = Base.lproj/LaunchScreen.storyboard; sourceTree = "<group>"; };
		F4D33F1F2795677A00788FF8 /* Info.plist */ = {isa = PBXFileReference; lastKnownFileType = text.plist.xml; path = Info.plist; sourceTree = "<group>"; };
		F4D33F2D27956D7800788FF8 /* CollectionViewCell.swift */ = {isa = PBXFileReference; lastKnownFileType = sourcecode.swift; path = CollectionViewCell.swift; sourceTree = "<group>"; };
		F4D33F2E27956D7800788FF8 /* CollectionViewCell.xib */ = {isa = PBXFileReference; lastKnownFileType = file.xib; path = CollectionViewCell.xib; sourceTree = "<group>"; };
		F4D33F3127956D8A00788FF8 /* TableViewCell.swift */ = {isa = PBXFileReference; lastKnownFileType = sourcecode.swift; path = TableViewCell.swift; sourceTree = "<group>"; };
		F4D33F3227956D8A00788FF8 /* TableViewCell.xib */ = {isa = PBXFileReference; lastKnownFileType = file.xib; path = TableViewCell.xib; sourceTree = "<group>"; };
		F4D33F3827956E5500788FF8 /* HeaderTable.swift */ = {isa = PBXFileReference; lastKnownFileType = sourcecode.swift; path = HeaderTable.swift; sourceTree = "<group>"; };
		F4D33F3A27956E6600788FF8 /* HeaderTable.xib */ = {isa = PBXFileReference; lastKnownFileType = file.xib; path = HeaderTable.xib; sourceTree = "<group>"; };
		F4FAD18F27967860000A81E1 /* UIView+Extension.swift */ = {isa = PBXFileReference; lastKnownFileType = sourcecode.swift; path = "UIView+Extension.swift"; sourceTree = "<group>"; };
/* End PBXFileReference section */

/* Begin PBXFrameworksBuildPhase section */
		F4D33F0B2795677800788FF8 /* Frameworks */ = {
			isa = PBXFrameworksBuildPhase;
			buildActionMask = 2147483647;
			files = (
				476D334035D4CB185BAFCAFC /* Pods_DemoProject.framework in Frameworks */,
			);
			runOnlyForDeploymentPostprocessing = 0;
		};
/* End PBXFrameworksBuildPhase section */

/* Begin PBXGroup section */
		817A626B185518E963855705 /* Pods */ = {
			isa = PBXGroup;
			children = (
				72B87B301262483CA937701B /* Pods-DemoProject.debug.xcconfig */,
				748EA4CEF2642716A59AF3E5 /* Pods-DemoProject.release.xcconfig */,
			);
			path = Pods;
			sourceTree = "<group>";
		};
		F495CB3C2797C53E0028E137 /* CustomHeader */ = {
			isa = PBXGroup;
			children = (
				F495CB412797CAEE0028E137 /* CustomHeader.swift */,
				F495CB432797CB1D0028E137 /* CustomHeader.xib */,
			);
			path = CustomHeader;
			sourceTree = "<group>";
		};
		F495CB472797F19D0028E137 /* DataSource */ = {
			isa = PBXGroup;
			children = (
				F495CB482797F1AD0028E137 /* DummyDataSource.swift */,
			);
			path = DataSource;
			sourceTree = "<group>";
		};
		F4D33F052795677800788FF8 = {
			isa = PBXGroup;
			children = (
				F4D33F102795677800788FF8 /* DemoProject */,
				F4D33F0F2795677800788FF8 /* Products */,
				817A626B185518E963855705 /* Pods */,
				FBC3ABAD986FDF3A538BE8A7 /* Frameworks */,
			);
			sourceTree = "<group>";
		};
		F4D33F0F2795677800788FF8 /* Products */ = {
			isa = PBXGroup;
			children = (
				F4D33F0E2795677800788FF8 /* DemoProject.app */,
			);
			name = Products;
			sourceTree = "<group>";
		};
		F4D33F102795677800788FF8 /* DemoProject */ = {
			isa = PBXGroup;
			children = (
				F495CB472797F19D0028E137 /* DataSource */,
				F4FAD18E27967850000A81E1 /* Extension */,
				F4D33F28279567A200788FF8 /* Model */,
				F4D33F272795679C00788FF8 /* View */,
				F4D33F262795679400788FF8 /* ViewModel */,
				F4D33F252795678D00788FF8 /* Service */,
				F4D33F112795677800788FF8 /* AppDelegate.swift */,
				F4D33F132795677800788FF8 /* SceneDelegate.swift */,
				F4D33F172795677800788FF8 /* Main.storyboard */,
				F4D33F1A2795677A00788FF8 /* Assets.xcassets */,
				F4D33F1C2795677A00788FF8 /* LaunchScreen.storyboard */,
				F4D33F1F2795677A00788FF8 /* Info.plist */,
			);
			path = DemoProject;
			sourceTree = "<group>";
		};
		F4D33F252795678D00788FF8 /* Service */ = {
			isa = PBXGroup;
			children = (
			);
			path = Service;
			sourceTree = "<group>";
		};
		F4D33F262795679400788FF8 /* ViewModel */ = {
			isa = PBXGroup;
			children = (
			);
			path = ViewModel;
			sourceTree = "<group>";
		};
		F4D33F272795679C00788FF8 /* View */ = {
			isa = PBXGroup;
			children = (
				F495CB3C2797C53E0028E137 /* CustomHeader */,
				F4D33F3727956DAE00788FF8 /* HeaderView */,
				F4D33F3627956DA000788FF8 /* TableViewCell */,
				F4D33F3527956D9000788FF8 /* CollectionViewCell */,
				F4D33F152795677800788FF8 /* ViewController.swift */,
			);
			path = View;
			sourceTree = "<group>";
		};
		F4D33F28279567A200788FF8 /* Model */ = {
			isa = PBXGroup;
			children = (
				F495CB452797EDB00028E137 /* DummyModel.swift */,
			);
			path = Model;
			sourceTree = "<group>";
		};
		F4D33F3527956D9000788FF8 /* CollectionViewCell */ = {
			isa = PBXGroup;
			children = (
				F4D33F2D27956D7800788FF8 /* CollectionViewCell.swift */,
				F4D33F2E27956D7800788FF8 /* CollectionViewCell.xib */,
			);
			path = CollectionViewCell;
			sourceTree = "<group>";
		};
		F4D33F3627956DA000788FF8 /* TableViewCell */ = {
			isa = PBXGroup;
			children = (
				F4D33F3227956D8A00788FF8 /* TableViewCell.xib */,
				F4D33F3127956D8A00788FF8 /* TableViewCell.swift */,
			);
			path = TableViewCell;
			sourceTree = "<group>";
		};
		F4D33F3727956DAE00788FF8 /* HeaderView */ = {
			isa = PBXGroup;
			children = (
				F4D33F3827956E5500788FF8 /* HeaderTable.swift */,
				F4D33F3A27956E6600788FF8 /* HeaderTable.xib */,
			);
			path = HeaderView;
			sourceTree = "<group>";
		};
		F4FAD18E27967850000A81E1 /* Extension */ = {
			isa = PBXGroup;
			children = (
				F4FAD18F27967860000A81E1 /* UIView+Extension.swift */,
			);
			path = Extension;
			sourceTree = "<group>";
		};
		FBC3ABAD986FDF3A538BE8A7 /* Frameworks */ = {
			isa = PBXGroup;
			children = (
				307C4C1261DE55011A1753BF /* Pods_DemoProject.framework */,
			);
			name = Frameworks;
			sourceTree = "<group>";
		};
/* End PBXGroup section */

/* Begin PBXNativeTarget section */
		F4D33F0D2795677800788FF8 /* DemoProject */ = {
			isa = PBXNativeTarget;
			buildConfigurationList = F4D33F222795677A00788FF8 /* Build configuration list for PBXNativeTarget "DemoProject" */;
			buildPhases = (
				9CEBDEADCD43ECB099651CBA /* [CP] Check Pods Manifest.lock */,
				F4D33F0A2795677800788FF8 /* Sources */,
				F4D33F0B2795677800788FF8 /* Frameworks */,
				F4D33F0C2795677800788FF8 /* Resources */,
				FD2A6202BD99BDE39B381881 /* [CP] Embed Pods Frameworks */,
			);
			buildRules = (
			);
			dependencies = (
			);
			name = DemoProject;
			productName = DemoProject;
			productReference = F4D33F0E2795677800788FF8 /* DemoProject.app */;
			productType = "com.apple.product-type.application";
		};
/* End PBXNativeTarget section */

/* Begin PBXProject section */
		F4D33F062795677800788FF8 /* Project object */ = {
			isa = PBXProject;
			attributes = {
				BuildIndependentTargetsInParallel = 1;
				LastSwiftUpdateCheck = 1310;
				LastUpgradeCheck = 1310;
				TargetAttributes = {
					F4D33F0D2795677800788FF8 = {
						CreatedOnToolsVersion = 13.1;
					};
				};
			};
			buildConfigurationList = F4D33F092795677800788FF8 /* Build configuration list for PBXProject "DemoProject" */;
			compatibilityVersion = "Xcode 13.0";
			developmentRegion = en;
			hasScannedForEncodings = 0;
			knownRegions = (
				en,
				Base,
			);
			mainGroup = F4D33F052795677800788FF8;
			productRefGroup = F4D33F0F2795677800788FF8 /* Products */;
			projectDirPath = "";
			projectRoot = "";
			targets = (
				F4D33F0D2795677800788FF8 /* DemoProject */,
			);
		};
/* End PBXProject section */

/* Begin PBXResourcesBuildPhase section */
		F4D33F0C2795677800788FF8 /* Resources */ = {
			isa = PBXResourcesBuildPhase;
			buildActionMask = 2147483647;
			files = (
				F4D33F1E2795677A00788FF8 /* LaunchScreen.storyboard in Resources */,
				F4D33F3427956D8A00788FF8 /* TableViewCell.xib in Resources */,
				F4D33F1B2795677A00788FF8 /* Assets.xcassets in Resources */,
				F4D33F3B27956E6600788FF8 /* HeaderTable.xib in Resources */,
				F495CB442797CB1D0028E137 /* CustomHeader.xib in Resources */,
				F4D33F3027956D7800788FF8 /* CollectionViewCell.xib in Resources */,
				F4D33F192795677800788FF8 /* Main.storyboard in Resources */,
			);
			runOnlyForDeploymentPostprocessing = 0;
		};
/* End PBXResourcesBuildPhase section */

/* Begin PBXShellScriptBuildPhase section */
		9CEBDEADCD43ECB099651CBA /* [CP] Check Pods Manifest.lock */ = {
			isa = PBXShellScriptBuildPhase;
			buildActionMask = 2147483647;
			files = (
			);
			inputFileListPaths = (
			);
			inputPaths = (
				"${PODS_PODFILE_DIR_PATH}/Podfile.lock",
				"${PODS_ROOT}/Manifest.lock",
			);
			name = "[CP] Check Pods Manifest.lock";
			outputFileListPaths = (
			);
			outputPaths = (
				"$(DERIVED_FILE_DIR)/Pods-DemoProject-checkManifestLockResult.txt",
			);
			runOnlyForDeploymentPostprocessing = 0;
			shellPath = /bin/sh;
			shellScript = "diff \"${PODS_PODFILE_DIR_PATH}/Podfile.lock\" \"${PODS_ROOT}/Manifest.lock\" > /dev/null\nif [ $? != 0 ] ; then\n    # print error to STDERR\n    echo \"error: The sandbox is not in sync with the Podfile.lock. Run 'pod install' or update your CocoaPods installation.\" >&2\n    exit 1\nfi\n# This output is used by Xcode 'outputs' to avoid re-running this script phase.\necho \"SUCCESS\" > \"${SCRIPT_OUTPUT_FILE_0}\"\n";
			showEnvVarsInLog = 0;
		};
		FD2A6202BD99BDE39B381881 /* [CP] Embed Pods Frameworks */ = {
			isa = PBXShellScriptBuildPhase;
			buildActionMask = 2147483647;
			files = (
			);
			inputFileListPaths = (
				"${PODS_ROOT}/Target Support Files/Pods-DemoProject/Pods-DemoProject-frameworks-${CONFIGURATION}-input-files.xcfilelist",
			);
			name = "[CP] Embed Pods Frameworks";
			outputFileListPaths = (
				"${PODS_ROOT}/Target Support Files/Pods-DemoProject/Pods-DemoProject-frameworks-${CONFIGURATION}-output-files.xcfilelist",
			);
			runOnlyForDeploymentPostprocessing = 0;
			shellPath = /bin/sh;
			shellScript = "\"${PODS_ROOT}/Target Support Files/Pods-DemoProject/Pods-DemoProject-frameworks.sh\"\n";
			showEnvVarsInLog = 0;
		};
/* End PBXShellScriptBuildPhase section */

/* Begin PBXSourcesBuildPhase section */
		F4D33F0A2795677800788FF8 /* Sources */ = {
			isa = PBXSourcesBuildPhase;
			buildActionMask = 2147483647;
			files = (
				F4D33F3327956D8A00788FF8 /* TableViewCell.swift in Sources */,
				F495CB422797CAEE0028E137 /* CustomHeader.swift in Sources */,
				F4FAD19027967860000A81E1 /* UIView+Extension.swift in Sources */,
				F4D33F162795677800788FF8 /* ViewController.swift in Sources */,
				F4D33F122795677800788FF8 /* AppDelegate.swift in Sources */,
				F4D33F3927956E5500788FF8 /* HeaderTable.swift in Sources */,
				F495CB462797EDB00028E137 /* DummyModel.swift in Sources */,
				F4D33F2F27956D7800788FF8 /* CollectionViewCell.swift in Sources */,
				F4D33F142795677800788FF8 /* SceneDelegate.swift in Sources */,
				F495CB492797F1AD0028E137 /* DummyDataSource.swift in Sources */,
			);
			runOnlyForDeploymentPostprocessing = 0;
		};
/* End PBXSourcesBuildPhase section */

/* Begin PBXVariantGroup section */
		F4D33F172795677800788FF8 /* Main.storyboard */ = {
			isa = PBXVariantGroup;
			children = (
				F4D33F182795677800788FF8 /* Base */,
			);
			name = Main.storyboard;
			sourceTree = "<group>";
		};
		F4D33F1C2795677A00788FF8 /* LaunchScreen.storyboard */ = {
			isa = PBXVariantGroup;
			children = (
				F4D33F1D2795677A00788FF8 /* Base */,
			);
			name = LaunchScreen.storyboard;
			sourceTree = "<group>";
		};
/* End PBXVariantGroup section */

/* Begin XCBuildConfiguration section */
		F4D33F202795677A00788FF8 /* Debug */ = {
			isa = XCBuildConfiguration;
			buildSettings = {
				ALWAYS_SEARCH_USER_PATHS = NO;
				CLANG_ANALYZER_NONNULL = YES;
				CLANG_ANALYZER_NUMBER_OBJECT_CONVERSION = YES_AGGRESSIVE;
				CLANG_CXX_LANGUAGE_STANDARD = "gnu++17";
				CLANG_CXX_LIBRARY = "libc++";
				CLANG_ENABLE_MODULES = YES;
				CLANG_ENABLE_OBJC_ARC = YES;
				CLANG_ENABLE_OBJC_WEAK = YES;
				CLANG_WARN_BLOCK_CAPTURE_AUTORELEASING = YES;
				CLANG_WARN_BOOL_CONVERSION = YES;
				CLANG_WARN_COMMA = YES;
				CLANG_WARN_CONSTANT_CONVERSION = YES;
				CLANG_WARN_DEPRECATED_OBJC_IMPLEMENTATIONS = YES;
				CLANG_WARN_DIRECT_OBJC_ISA_USAGE = YES_ERROR;
				CLANG_WARN_DOCUMENTATION_COMMENTS = YES;
				CLANG_WARN_EMPTY_BODY = YES;
				CLANG_WARN_ENUM_CONVERSION = YES;
				CLANG_WARN_INFINITE_RECURSION = YES;
				CLANG_WARN_INT_CONVERSION = YES;
				CLANG_WARN_NON_LITERAL_NULL_CONVERSION = YES;
				CLANG_WARN_OBJC_IMPLICIT_RETAIN_SELF = YES;
				CLANG_WARN_OBJC_LITERAL_CONVERSION = YES;
				CLANG_WARN_OBJC_ROOT_CLASS = YES_ERROR;
				CLANG_WARN_QUOTED_INCLUDE_IN_FRAMEWORK_HEADER = YES;
				CLANG_WARN_RANGE_LOOP_ANALYSIS = YES;
				CLANG_WARN_STRICT_PROTOTYPES = YES;
				CLANG_WARN_SUSPICIOUS_MOVE = YES;
				CLANG_WARN_UNGUARDED_AVAILABILITY = YES_AGGRESSIVE;
				CLANG_WARN_UNREACHABLE_CODE = YES;
				CLANG_WARN__DUPLICATE_METHOD_MATCH = YES;
				COPY_PHASE_STRIP = NO;
				DEBUG_INFORMATION_FORMAT = dwarf;
				ENABLE_STRICT_OBJC_MSGSEND = YES;
				ENABLE_TESTABILITY = YES;
				GCC_C_LANGUAGE_STANDARD = gnu11;
				GCC_DYNAMIC_NO_PIC = NO;
				GCC_NO_COMMON_BLOCKS = YES;
				GCC_OPTIMIZATION_LEVEL = 0;
				GCC_PREPROCESSOR_DEFINITIONS = (
					"DEBUG=1",
					"$(inherited)",
				);
				GCC_WARN_64_TO_32_BIT_CONVERSION = YES;
				GCC_WARN_ABOUT_RETURN_TYPE = YES_ERROR;
				GCC_WARN_UNDECLARED_SELECTOR = YES;
				GCC_WARN_UNINITIALIZED_AUTOS = YES_AGGRESSIVE;
				GCC_WARN_UNUSED_FUNCTION = YES;
				GCC_WARN_UNUSED_VARIABLE = YES;
				IPHONEOS_DEPLOYMENT_TARGET = 15.0;
				MTL_ENABLE_DEBUG_INFO = INCLUDE_SOURCE;
				MTL_FAST_MATH = YES;
				ONLY_ACTIVE_ARCH = YES;
				SDKROOT = iphoneos;
				SWIFT_ACTIVE_COMPILATION_CONDITIONS = DEBUG;
				SWIFT_OPTIMIZATION_LEVEL = "-Onone";
			};
			name = Debug;
		};
		F4D33F212795677A00788FF8 /* Release */ = {
			isa = XCBuildConfiguration;
			buildSettings = {
				ALWAYS_SEARCH_USER_PATHS = NO;
				CLANG_ANALYZER_NONNULL = YES;
				CLANG_ANALYZER_NUMBER_OBJECT_CONVERSION = YES_AGGRESSIVE;
				CLANG_CXX_LANGUAGE_STANDARD = "gnu++17";
				CLANG_CXX_LIBRARY = "libc++";
				CLANG_ENABLE_MODULES = YES;
				CLANG_ENABLE_OBJC_ARC = YES;
				CLANG_ENABLE_OBJC_WEAK = YES;
				CLANG_WARN_BLOCK_CAPTURE_AUTORELEASING = YES;
				CLANG_WARN_BOOL_CONVERSION = YES;
				CLANG_WARN_COMMA = YES;
				CLANG_WARN_CONSTANT_CONVERSION = YES;
				CLANG_WARN_DEPRECATED_OBJC_IMPLEMENTATIONS = YES;
				CLANG_WARN_DIRECT_OBJC_ISA_USAGE = YES_ERROR;
				CLANG_WARN_DOCUMENTATION_COMMENTS = YES;
				CLANG_WARN_EMPTY_BODY = YES;
				CLANG_WARN_ENUM_CONVERSION = YES;
				CLANG_WARN_INFINITE_RECURSION = YES;
				CLANG_WARN_INT_CONVERSION = YES;
				CLANG_WARN_NON_LITERAL_NULL_CONVERSION = YES;
				CLANG_WARN_OBJC_IMPLICIT_RETAIN_SELF = YES;
				CLANG_WARN_OBJC_LITERAL_CONVERSION = YES;
				CLANG_WARN_OBJC_ROOT_CLASS = YES_ERROR;
				CLANG_WARN_QUOTED_INCLUDE_IN_FRAMEWORK_HEADER = YES;
				CLANG_WARN_RANGE_LOOP_ANALYSIS = YES;
				CLANG_WARN_STRICT_PROTOTYPES = YES;
				CLANG_WARN_SUSPICIOUS_MOVE = YES;
				CLANG_WARN_UNGUARDED_AVAILABILITY = YES_AGGRESSIVE;
				CLANG_WARN_UNREACHABLE_CODE = YES;
				CLANG_WARN__DUPLICATE_METHOD_MATCH = YES;
				COPY_PHASE_STRIP = NO;
				DEBUG_INFORMATION_FORMAT = "dwarf-with-dsym";
				ENABLE_NS_ASSERTIONS = NO;
				ENABLE_STRICT_OBJC_MSGSEND = YES;
				GCC_C_LANGUAGE_STANDARD = gnu11;
				GCC_NO_COMMON_BLOCKS = YES;
				GCC_WARN_64_TO_32_BIT_CONVERSION = YES;
				GCC_WARN_ABOUT_RETURN_TYPE = YES_ERROR;
				GCC_WARN_UNDECLARED_SELECTOR = YES;
				GCC_WARN_UNINITIALIZED_AUTOS = YES_AGGRESSIVE;
				GCC_WARN_UNUSED_FUNCTION = YES;
				GCC_WARN_UNUSED_VARIABLE = YES;
				IPHONEOS_DEPLOYMENT_TARGET = 15.0;
				MTL_ENABLE_DEBUG_INFO = NO;
				MTL_FAST_MATH = YES;
				SDKROOT = iphoneos;
				SWIFT_COMPILATION_MODE = wholemodule;
				SWIFT_OPTIMIZATION_LEVEL = "-O";
				VALIDATE_PRODUCT = YES;
			};
			name = Release;
		};
		F4D33F232795677A00788FF8 /* Debug */ = {
			isa = XCBuildConfiguration;
			baseConfigurationReference = 72B87B301262483CA937701B /* Pods-DemoProject.debug.xcconfig */;
			buildSettings = {
				ASSETCATALOG_COMPILER_APPICON_NAME = AppIcon;
				ASSETCATALOG_COMPILER_GLOBAL_ACCENT_COLOR_NAME = AccentColor;
				CODE_SIGN_STYLE = Automatic;
				CURRENT_PROJECT_VERSION = 1;
				GENERATE_INFOPLIST_FILE = YES;
				INFOPLIST_FILE = DemoProject/Info.plist;
				INFOPLIST_KEY_UIApplicationSupportsIndirectInputEvents = YES;
				INFOPLIST_KEY_UILaunchStoryboardName = LaunchScreen;
				INFOPLIST_KEY_UIMainStoryboardFile = Main;
				INFOPLIST_KEY_UISupportedInterfaceOrientations = "UIInterfaceOrientationLandscapeLeft UIInterfaceOrientationLandscapeRight UIInterfaceOrientationPortrait";
				INFOPLIST_KEY_UISupportedInterfaceOrientations_iPad = "UIInterfaceOrientationPortrait UIInterfaceOrientationPortraitUpsideDown UIInterfaceOrientationLandscapeLeft UIInterfaceOrientationLandscapeRight";
				INFOPLIST_KEY_UISupportedInterfaceOrientations_iPhone = "UIInterfaceOrientationPortrait UIInterfaceOrientationLandscapeLeft UIInterfaceOrientationLandscapeRight";
				LD_RUNPATH_SEARCH_PATHS = (
					"$(inherited)",
					"@executable_path/Frameworks",
				);
				MARKETING_VERSION = 1.0;
				PRODUCT_BUNDLE_IDENTIFIER = trungduc.DemoProject;
				PRODUCT_NAME = "$(TARGET_NAME)";
				SWIFT_EMIT_LOC_STRINGS = YES;
				SWIFT_VERSION = 5.0;
				TARGETED_DEVICE_FAMILY = "1,2";
			};
			name = Debug;
		};
		F4D33F242795677A00788FF8 /* Release */ = {
			isa = XCBuildConfiguration;
			baseConfigurationReference = 748EA4CEF2642716A59AF3E5 /* Pods-DemoProject.release.xcconfig */;
			buildSettings = {
				ASSETCATALOG_COMPILER_APPICON_NAME = AppIcon;
				ASSETCATALOG_COMPILER_GLOBAL_ACCENT_COLOR_NAME = AccentColor;
				CODE_SIGN_STYLE = Automatic;
				CURRENT_PROJECT_VERSION = 1;
				GENERATE_INFOPLIST_FILE = YES;
				INFOPLIST_FILE = DemoProject/Info.plist;
				INFOPLIST_KEY_UIApplicationSupportsIndirectInputEvents = YES;
				INFOPLIST_KEY_UILaunchStoryboardName = LaunchScreen;
				INFOPLIST_KEY_UIMainStoryboardFile = Main;
				INFOPLIST_KEY_UISupportedInterfaceOrientations = "UIInterfaceOrientationLandscapeLeft UIInterfaceOrientationLandscapeRight UIInterfaceOrientationPortrait";
				INFOPLIST_KEY_UISupportedInterfaceOrientations_iPad = "UIInterfaceOrientationPortrait UIInterfaceOrientationPortraitUpsideDown UIInterfaceOrientationLandscapeLeft UIInterfaceOrientationLandscapeRight";
				INFOPLIST_KEY_UISupportedInterfaceOrientations_iPhone = "UIInterfaceOrientationPortrait UIInterfaceOrientationLandscapeLeft UIInterfaceOrientationLandscapeRight";
				LD_RUNPATH_SEARCH_PATHS = (
					"$(inherited)",
					"@executable_path/Frameworks",
				);
				MARKETING_VERSION = 1.0;
				PRODUCT_BUNDLE_IDENTIFIER = trungduc.DemoProject;
				PRODUCT_NAME = "$(TARGET_NAME)";
				SWIFT_EMIT_LOC_STRINGS = YES;
				SWIFT_VERSION = 5.0;
				TARGETED_DEVICE_FAMILY = "1,2";
			};
			name = Release;
		};
/* End XCBuildConfiguration section */

/* Begin XCConfigurationList section */
		F4D33F092795677800788FF8 /* Build configuration list for PBXProject "DemoProject" */ = {
			isa = XCConfigurationList;
			buildConfigurations = (
				F4D33F202795677A00788FF8 /* Debug */,
				F4D33F212795677A00788FF8 /* Release */,
			);
			defaultConfigurationIsVisible = 0;
			defaultConfigurationName = Release;
		};
		F4D33F222795677A00788FF8 /* Build configuration list for PBXNativeTarget "DemoProject" */ = {
			isa = XCConfigurationList;
			buildConfigurations = (
				F4D33F232795677A00788FF8 /* Debug */,
				F4D33F242795677A00788FF8 /* Release */,
			);
			defaultConfigurationIsVisible = 0;
			defaultConfigurationName = Release;
		};
/* End XCConfigurationList section */
	};
	rootObject = F4D33F062795677800788FF8 /* Project object */;
}
